{
  "nodes": {
    "nixpkgs": {
      "locked": {
        "lastModified": 1736549401,
        "narHash": "sha256-ibkQrMHxF/7TqAYcQE+tOnIsSEzXmMegzyBWza6uHKM=",
        "owner": "NixOS",
        "repo": "nixpkgs",
        "rev": "1dab772dd4a68a7bba5d9460685547ff8e17d899",
        "type": "github"
      },
      "original": {
        "owner": "NixOS",
        "ref": "nixos-24.11",
        "repo": "nixpkgs",
        "type": "github"
      }
    },
    "nixpkgs-sonarr": {
      "locked": {
        "lastModified": 1730785428,
        "narHash": "sha256-Zwl8YgTVJTEum+L+0zVAWvXAGbWAuXHax3KzuejaDyo=",
        "owner": "NixOS",
        "repo": "nixpkgs",
        "rev": "4aa36568d413aca0ea84a1684d2d46f55dbabad7",
        "type": "github"
      },
      "original": {
        "owner": "NixOS",
        "repo": "nixpkgs",
        "rev": "4aa36568d413aca0ea84a1684d2d46f55dbabad7",
        "type": "github"
      }
    },
    "nixpkgs-unstable": {
      "locked": {
        "lastModified": 1736523798,
        "narHash": "sha256-Xb8mke6UCYjge9kPR9o4P1nVrhk7QBbKv3xQ9cj7h2s=",
        "owner": "NixOS",
        "repo": "nixpkgs",
        "rev": "130595eba61081acde9001f43de3248d8888ac4a",
        "type": "github"
      },
      "original": {
        "owner": "NixOS",
        "ref": "nixos-unstable",
        "repo": "nixpkgs",
        "type": "github"
      }
    },
    "root": {
      "inputs": {
        "nixpkgs": "nixpkgs",
        "nixpkgs-sonarr": "nixpkgs-sonarr",
        "nixpkgs-unstable": "nixpkgs-unstable",
        "sops-nix": "sops-nix"
      }
    },
    "sops-nix": {
      "inputs": {
        "nixpkgs": [
          "nixpkgs-unstable"
        ]
      },
      "locked": {
        "lastModified": 1736515725,
        "narHash": "sha256-4P99yL8vGehwzytkpP87eklBePt6aqeEC5JFsIzhfUs=",
        "owner": "Mic92",
        "repo": "sops-nix",
        "rev": "f214c1b76c347a4e9c8fb68c73d4293a6820d125",
        "type": "github"
      },
      "original": {
        "owner": "Mic92",
        "repo": "sops-nix",
        "type": "github"
      }
    }
  },
  "root": "root",
  "version": 7
}
